{
  "originHash" : "b6d30a7c5edb3f0fd6adc89a62e3870eed6ea99af64732bacf66118f3e43192f",
  "pins" : [
    {
      "identity" : "sparkle",
      "kind" : "remoteSourceControl",
      "location" : "https://github.com/sparkle-project/Sparkle.git",
      "state" : {
        "revision" : "0ef1ee0220239b3776f433314515fd849025673f",
        "version" : "2.6.4"
      }
    },
    {
      "identity" : "sqlite.swift",
      "kind" : "remoteSourceControl",
      "location" : "https://github.com/stephencelis/SQLite.swift.git",
      "state" : {
        "revision" : "a95fc6df17d108bd99210db5e8a9bac90fe984b8",
        "version" : "0.15.3"
      }
    },
    {
      "identity" : "sworm",
      "kind" : "remoteSourceControl",
      "location" : "https://github.com/yanun0323/Sworm",
      "state" : {
        "revision" : "98b7b13f82782c96aea92d0185edf70085769957",
        "version" : "0.10.0"
      }
    }
  ],
  "version" : 3
}
